
Microsoft Visual Studio Solution File, Format Version 12.00
# Visual Studio Version 17
VisualStudioVersion = 17.14.37411.7 d17.14
MinimumVisualStudioVersion = 10.0.40219.1
Project("{FAE04EC0-301F-11D3-BF4B-00C04F79EFBC}") = "RandomHSM", "RandomHSM.csproj", "{50611F8F-31D9-4589-A645-71979A90CBD2}"
EndProject
Global
	GlobalSection(SolutionConfigurationPlatforms) = preSolution
		Debug|Any CPU = Debug|Any CPU
		Release|Any CPU = Release|Any CPU
	EndGlobalSection
	GlobalSection(ProjectConfigurationPlatforms) = postSolution
		{50611F8F-31D9-4589-A645-71979A90CBD2}.Debug|Any CPU.ActiveCfg = Debug|Any CPU
		{50611F8F-31D9-4589-A645-71979A90CBD2}.Debug|Any CPU.Build.0 = Debug|Any CPU
		{50611F8F-31D9-4589-A645-71979A90CBD2}.Release|Any CPU.ActiveCfg = Release|Any CPU
		{50611F8F-31D9-4589-A645-71979A90CBD2}.Release|Any CPU.Build.0 = Release|Any CPU
	EndGlobalSection
	GlobalSection(SolutionProperties) = preSolution
		HideSolutionNode = FALSE
	EndGlobalSection
	GlobalSection(ExtensibilityGlobals) = postSolution
		SolutionGuid = {B0146E8A-EBD9-4091-9D07-A2B71B61D45C}
	EndGlobalSection
EndGlobal
